{
  "lockfileVersion": 1,
  "configVersion": 1,
  "workspaces": {
    "": {
      "name": "@cyberbaser/proposal-review-mockup",
      "dependencies": {
        "@cyberbaser/proposal-fixtures": "file:../../packages/proposal-fixtures",
        "@cyberbaser/review-projection": "file:../../packages/review-projection",
      },
    },
  },
  "packages": {
    "@cyberbaser/proposal-fixtures": ["@cyberbaser/proposal-fixtures@file:../../packages/proposal-fixtures", { "dependencies": { "@cyberbaser/proposal": "file:../proposal" } }],

    "@cyberbaser/review-projection": ["@cyberbaser/review-projection@file:../../packages/review-projection", {}],

    "@cyberbaser/proposal-fixtures/@cyberbaser/proposal": ["@cyberbaser/proposal@file:../../packages/proposal", {}],
  }
}
